
Microsoft Visual Studio Solution File, Format Version 12.00
# Visual Studio Version 16
VisualStudioVersion = 16.0.30523.141
MinimumVisualStudioVersion = 10.0.40219.1
Project("{FAE04EC0-301F-11D3-BF4B-00C04F79EFBC}") = "ConEjer10", "ConEjer10\ConEjer10.csproj", "{9DEFC731-08E9-4DE2-B9DE-B14F5ADD40ED}"
EndProject
Global
	GlobalSection(SolutionConfigurationPlatforms) = preSolution
		Debug|Any CPU = Debug|Any CPU
		Release|Any CPU = Release|Any CPU
	EndGlobalSection
	GlobalSection(ProjectConfigurationPlatforms) = postSolution
		{9DEFC731-08E9-4DE2-B9DE-B14F5ADD40ED}.Debug|Any CPU.ActiveCfg = Debug|Any CPU
		{9DEFC731-08E9-4DE2-B9DE-B14F5ADD40ED}.Debug|Any CPU.Build.0 = Debug|Any CPU
		{9DEFC731-08E9-4DE2-B9DE-B14F5ADD40ED}.Release|Any CPU.ActiveCfg = Release|Any CPU
		{9DEFC731-08E9-4DE2-B9DE-B14F5ADD40ED}.Release|Any CPU.Build.0 = Release|Any CPU
	EndGlobalSection
	GlobalSection(SolutionProperties) = preSolution
		HideSolutionNode = FALSE
	EndGlobalSection
	GlobalSection(ExtensibilityGlobals) = postSolution
		SolutionGuid = {F2B2FAC8-AD5C-4C44-B4CA-C6D95D92206C}
	EndGlobalSection
EndGlobal
