
Microsoft Visual Studio Solution File, Format Version 12.00
# Visual Studio Version 16
VisualStudioVersion = 16.0.31515.178
MinimumVisualStudioVersion = 10.0.40219.1
Project("{FAE04EC0-301F-11D3-BF4B-00C04F79EFBC}") = "ConEjer8 - Version Propia", "Archivos_17_8\ConEjer8 - Version Propia.csproj", "{D978D70A-305E-4CDF-8DEE-F92BCD206B44}"
EndProject
Global
	GlobalSection(SolutionConfigurationPlatforms) = preSolution
		Debug|Any CPU = Debug|Any CPU
		Release|Any CPU = Release|Any CPU
	EndGlobalSection
	GlobalSection(ProjectConfigurationPlatforms) = postSolution
		{D978D70A-305E-4CDF-8DEE-F92BCD206B44}.Debug|Any CPU.ActiveCfg = Debug|Any CPU
		{D978D70A-305E-4CDF-8DEE-F92BCD206B44}.Debug|Any CPU.Build.0 = Debug|Any CPU
		{D978D70A-305E-4CDF-8DEE-F92BCD206B44}.Release|Any CPU.ActiveCfg = Release|Any CPU
		{D978D70A-305E-4CDF-8DEE-F92BCD206B44}.Release|Any CPU.Build.0 = Release|Any CPU
	EndGlobalSection
	GlobalSection(SolutionProperties) = preSolution
		HideSolutionNode = FALSE
	EndGlobalSection
	GlobalSection(ExtensibilityGlobals) = postSolution
		SolutionGuid = {635037A3-D56F-4670-8989-4ACD54FB9C5C}
	EndGlobalSection
EndGlobal
