
Microsoft Visual Studio Solution File, Format Version 12.00
# Visual Studio Version 16
VisualStudioVersion = 16.0.30523.141
MinimumVisualStudioVersion = 10.0.40219.1
Project("{FAE04EC0-301F-11D3-BF4B-00C04F79EFBC}") = "ConsEjer7", "ConsEjer7\ConsEjer7.csproj", "{B19556EE-2541-44BA-959C-8D40B9FAE336}"
EndProject
Global
	GlobalSection(SolutionConfigurationPlatforms) = preSolution
		Debug|Any CPU = Debug|Any CPU
		Release|Any CPU = Release|Any CPU
	EndGlobalSection
	GlobalSection(ProjectConfigurationPlatforms) = postSolution
		{B19556EE-2541-44BA-959C-8D40B9FAE336}.Debug|Any CPU.ActiveCfg = Debug|Any CPU
		{B19556EE-2541-44BA-959C-8D40B9FAE336}.Debug|Any CPU.Build.0 = Debug|Any CPU
		{B19556EE-2541-44BA-959C-8D40B9FAE336}.Release|Any CPU.ActiveCfg = Release|Any CPU
		{B19556EE-2541-44BA-959C-8D40B9FAE336}.Release|Any CPU.Build.0 = Release|Any CPU
	EndGlobalSection
	GlobalSection(SolutionProperties) = preSolution
		HideSolutionNode = FALSE
	EndGlobalSection
	GlobalSection(ExtensibilityGlobals) = postSolution
		SolutionGuid = {2BCF96DE-ED2E-4E23-91D6-CF1B77692A4C}
	EndGlobalSection
EndGlobal
