
Microsoft Visual Studio Solution File, Format Version 12.00
# Visual Studio Version 16
VisualStudioVersion = 16.0.31515.178
MinimumVisualStudioVersion = 10.0.40219.1
Project("{FAE04EC0-301F-11D3-BF4B-00C04F79EFBC}") = "EjercicioClases1 - Articulos", "EjercicioClases1 - Articulos\EjercicioClases1 - Articulos.csproj", "{EB2E353D-132F-49B6-8AB6-D942B9AC3F90}"
EndProject
Global
	GlobalSection(SolutionConfigurationPlatforms) = preSolution
		Debug|Any CPU = Debug|Any CPU
		Release|Any CPU = Release|Any CPU
	EndGlobalSection
	GlobalSection(ProjectConfigurationPlatforms) = postSolution
		{EB2E353D-132F-49B6-8AB6-D942B9AC3F90}.Debug|Any CPU.ActiveCfg = Debug|Any CPU
		{EB2E353D-132F-49B6-8AB6-D942B9AC3F90}.Debug|Any CPU.Build.0 = Debug|Any CPU
		{EB2E353D-132F-49B6-8AB6-D942B9AC3F90}.Release|Any CPU.ActiveCfg = Release|Any CPU
		{EB2E353D-132F-49B6-8AB6-D942B9AC3F90}.Release|Any CPU.Build.0 = Release|Any CPU
	EndGlobalSection
	GlobalSection(SolutionProperties) = preSolution
		HideSolutionNode = FALSE
	EndGlobalSection
	GlobalSection(ExtensibilityGlobals) = postSolution
		SolutionGuid = {9ED420EE-3385-45F6-89B5-67A3BF106FE7}
	EndGlobalSection
EndGlobal
