
Microsoft Visual Studio Solution File, Format Version 12.00
# Visual Studio Version 16
VisualStudioVersion = 16.0.30523.141
MinimumVisualStudioVersion = 10.0.40219.1
Project("{FAE04EC0-301F-11D3-BF4B-00C04F79EFBC}") = "ConEjer6", "ConEjer6\ConEjer6.csproj", "{0CA73C6A-A22F-4B79-9F02-194F11D41A69}"
EndProject
Global
	GlobalSection(SolutionConfigurationPlatforms) = preSolution
		Debug|Any CPU = Debug|Any CPU
		Release|Any CPU = Release|Any CPU
	EndGlobalSection
	GlobalSection(ProjectConfigurationPlatforms) = postSolution
		{0CA73C6A-A22F-4B79-9F02-194F11D41A69}.Debug|Any CPU.ActiveCfg = Debug|Any CPU
		{0CA73C6A-A22F-4B79-9F02-194F11D41A69}.Debug|Any CPU.Build.0 = Debug|Any CPU
		{0CA73C6A-A22F-4B79-9F02-194F11D41A69}.Release|Any CPU.ActiveCfg = Release|Any CPU
		{0CA73C6A-A22F-4B79-9F02-194F11D41A69}.Release|Any CPU.Build.0 = Release|Any CPU
	EndGlobalSection
	GlobalSection(SolutionProperties) = preSolution
		HideSolutionNode = FALSE
	EndGlobalSection
	GlobalSection(ExtensibilityGlobals) = postSolution
		SolutionGuid = {E7BBBFA9-96F1-4578-9CD8-B039097ACD1D}
	EndGlobalSection
EndGlobal
