
Microsoft Visual Studio Solution File, Format Version 12.00
# Visual Studio Version 16
VisualStudioVersion = 16.0.31624.102
MinimumVisualStudioVersion = 10.0.40219.1
Project("{FAE04EC0-301F-11D3-BF4B-00C04F79EFBC}") = "ConEjerOOP3", "ConEjerOOP3\ConEjerOOP3.csproj", "{CC121951-A130-4427-AD88-6BAA53825C7B}"
EndProject
Global
	GlobalSection(SolutionConfigurationPlatforms) = preSolution
		Debug|Any CPU = Debug|Any CPU
		Release|Any CPU = Release|Any CPU
	EndGlobalSection
	GlobalSection(ProjectConfigurationPlatforms) = postSolution
		{CC121951-A130-4427-AD88-6BAA53825C7B}.Debug|Any CPU.ActiveCfg = Debug|Any CPU
		{CC121951-A130-4427-AD88-6BAA53825C7B}.Debug|Any CPU.Build.0 = Debug|Any CPU
		{CC121951-A130-4427-AD88-6BAA53825C7B}.Release|Any CPU.ActiveCfg = Release|Any CPU
		{CC121951-A130-4427-AD88-6BAA53825C7B}.Release|Any CPU.Build.0 = Release|Any CPU
	EndGlobalSection
	GlobalSection(SolutionProperties) = preSolution
		HideSolutionNode = FALSE
	EndGlobalSection
	GlobalSection(ExtensibilityGlobals) = postSolution
		SolutionGuid = {28476B04-848B-4069-B016-99B5E4DBA92F}
	EndGlobalSection
EndGlobal
