
Microsoft Visual Studio Solution File, Format Version 12.00
# Visual Studio Version 16
VisualStudioVersion = 16.0.30523.141
MinimumVisualStudioVersion = 10.0.40219.1
Project("{FAE04EC0-301F-11D3-BF4B-00C04F79EFBC}") = "ConEjer8", "ConEjer8\ConEjer8.csproj", "{E4A6E93F-0FF2-4EE0-B0B7-6B328D12A1E2}"
EndProject
Global
	GlobalSection(SolutionConfigurationPlatforms) = preSolution
		Debug|Any CPU = Debug|Any CPU
		Release|Any CPU = Release|Any CPU
	EndGlobalSection
	GlobalSection(ProjectConfigurationPlatforms) = postSolution
		{E4A6E93F-0FF2-4EE0-B0B7-6B328D12A1E2}.Debug|Any CPU.ActiveCfg = Debug|Any CPU
		{E4A6E93F-0FF2-4EE0-B0B7-6B328D12A1E2}.Debug|Any CPU.Build.0 = Debug|Any CPU
		{E4A6E93F-0FF2-4EE0-B0B7-6B328D12A1E2}.Release|Any CPU.ActiveCfg = Release|Any CPU
		{E4A6E93F-0FF2-4EE0-B0B7-6B328D12A1E2}.Release|Any CPU.Build.0 = Release|Any CPU
	EndGlobalSection
	GlobalSection(SolutionProperties) = preSolution
		HideSolutionNode = FALSE
	EndGlobalSection
	GlobalSection(ExtensibilityGlobals) = postSolution
		SolutionGuid = {AE9150D6-0CE6-4E3D-A354-E980B4346132}
	EndGlobalSection
EndGlobal
